// !$*UTF8*$!
{
	archiveVersion = 1;
	classes = {
	};
	objectVersion = 48;
	objects = {

/* Begin PBXBuildFile section */
		847B36B320173E3600A3AA86 /* AppDelegate.m in Sources */ = {isa = PBXBuildFile; fileRef = 847B36B220173E3600A3AA86 /* AppDelegate.m */; };
		847B36B620173E3600A3AA86 /* ViewController.m in Sources */ = {isa = PBXBuildFile; fileRef = 847B36B520173E3600A3AA86 /* ViewController.m */; };
		847B36B920173E3600A3AA86 /* Main.storyboard in Resources */ = {isa = PBXBuildFile; fileRef = 847B36B720173E3600A3AA86 /* Main.storyboard */; };
		847B36BB20173E3600A3AA86 /* Assets.xcassets in Resources */ = {isa = PBXBuildFile; fileRef = 847B36BA20173E3600A3AA86 /* Assets.xcassets */; };
		847B36BE20173E3600A3AA86 /* LaunchScreen.storyboard in Resources */ = {isa = PBXBuildFile; fileRef = 847B36BC20173E3600A3AA86 /* LaunchScreen.storyboard */; };
		847B36C120173E3700A3AA86 /* main.m in Sources */ = {isa = PBXBuildFile; fileRef = 847B36C020173E3700A3AA86 /* main.m */; };
		847B36C920173F7D00A3AA86 /* UIButton+Touch.m in Sources */ = {isa = PBXBuildFile; fileRef = 847B36C820173F7D00A3AA86 /* UIButton+Touch.m */; };
/* End PBXBuildFile section */

/* Begin PBXFileReference section */
		847B36AE20173E3600A3AA86 /* ButtonIgnore.app */ = {isa = PBXFileReference; explicitFileType = wrapper.application; includeInIndex = 0; path = ButtonIgnore.app; sourceTree = BUILT_PRODUCTS_DIR; };
		847B36B120173E3600A3AA86 /* AppDelegate.h */ = {isa = PBXFileReference; lastKnownFileType = sourcecode.c.h; path = AppDelegate.h; sourceTree = "<group>"; };
		847B36B220173E3600A3AA86 /* AppDelegate.m */ = {isa = PBXFileReference; lastKnownFileType = sourcecode.c.objc; path = AppDelegate.m; sourceTree = "<group>"; };
		847B36B420173E3600A3AA86 /* ViewController.h */ = {isa = PBXFileReference; lastKnownFileType = sourcecode.c.h; path = ViewController.h; sourceTree = "<group>"; };
		847B36B520173E3600A3AA86 /* ViewController.m */ = {isa = PBXFileReference; lastKnownFileType = sourcecode.c.objc; path = ViewController.m; sourceTree = "<group>"; };
		847B36B820173E3600A3AA86 /* Base */ = {isa = PBXFileReference; lastKnownFileType = file.storyboard; name = Base; path = Base.lproj/Main.storyboard; sourceTree = "<group>"; };
		847B36BA20173E3600A3AA86 /* Assets.xcassets */ = {isa = PBXFileReference; lastKnownFileType = folder.assetcatalog; path = Assets.xcassets; sourceTree = "<group>"; };
		847B36BD20173E3600A3AA86 /* Base */ = {isa = PBXFileReference; lastKnownFileType = file.storyboard; name = Base; path = Base.lproj/LaunchScreen.storyboard; sourceTree = "<group>"; };
		847B36BF20173E3700A3AA86 /* Info.plist */ = {isa = PBXFileReference; lastKnownFileType = text.plist.xml; path = Info.plist; sourceTree = "<group>"; };
		847B36C020173E3700A3AA86 /* main.m */ = {isa = PBXFileReference; lastKnownFileType = sourcecode.c.objc; path = main.m; sourceTree = "<group>"; };
		847B36C720173F7D00A3AA86 /* UIButton+Touch.h */ = {isa = PBXFileReference; lastKnownFileType = sourcecode.c.h; path = "UIButton+Touch.h"; sourceTree = "<group>"; };
		847B36C820173F7D00A3AA86 /* UIButton+Touch.m */ = {isa = PBXFileReference; lastKnownFileType = sourcecode.c.objc; path = "UIButton+Touch.m"; sourceTree = "<group>"; };
/* End PBXFileReference section */

/* Begin PBXFrameworksBuildPhase section */
		847B36AB20173E3600A3AA86 /* Frameworks */ = {
			isa = PBXFrameworksBuildPhase;
			buildActionMask = 2147483647;
			files = (
			);
			runOnlyForDeploymentPostprocessing = 0;
		};
/* End PBXFrameworksBuildPhase section */

/* Begin PBXGroup section */
		847B36A520173E3500A3AA86 = {
			isa = PBXGroup;
			children = (
				847B36B020173E3600A3AA86 /* ButtonIgnore */,
				847B36AF20173E3600A3AA86 /* Products */,
			);
			sourceTree = "<group>";
		};
		847B36AF20173E3600A3AA86 /* Products */ = {
			isa = PBXGroup;
			children = (
				847B36AE20173E3600A3AA86 /* ButtonIgnore.app */,
			);
			name = Products;
			sourceTree = "<group>";
		};
		847B36B020173E3600A3AA86 /* ButtonIgnore */ = {
			isa = PBXGroup;
			children = (
				847B36B120173E3600A3AA86 /* AppDelegate.h */,
				847B36B220173E3600A3AA86 /* AppDelegate.m */,
				847B36B420173E3600A3AA86 /* ViewController.h */,
				847B36B520173E3600A3AA86 /* ViewController.m */,
				847B36C720173F7D00A3AA86 /* UIButton+Touch.h */,
				847B36C820173F7D00A3AA86 /* UIButton+Touch.m */,
				847B36B720173E3600A3AA86 /* Main.storyboard */,
				847B36BA20173E3600A3AA86 /* Assets.xcassets */,
				847B36BC20173E3600A3AA86 /* LaunchScreen.storyboard */,
				847B36BF20173E3700A3AA86 /* Info.plist */,
				847B36C020173E3700A3AA86 /* main.m */,
			);
			path = ButtonIgnore;
			sourceTree = "<group>";
		};
/* End PBXGroup section */

/* Begin PBXNativeTarget section */
		847B36AD20173E3600A3AA86 /* ButtonIgnore */ = {
			isa = PBXNativeTarget;
			buildConfigurationList = 847B36C420173E3700A3AA86 /* Build configuration list for PBXNativeTarget "ButtonIgnore" */;
			buildPhases = (
				847B36AA20173E3600A3AA86 /* Sources */,
				847B36AB20173E3600A3AA86 /* Frameworks */,
				847B36AC20173E3600A3AA86 /* Resources */,
			);
			buildRules = (
			);
			dependencies = (
			);
			name = ButtonIgnore;
			productName = ButtonIgnore;
			productReference = 847B36AE20173E3600A3AA86 /* ButtonIgnore.app */;
			productType = "com.apple.product-type.application";
		};
/* End PBXNativeTarget section */

/* Begin PBXProject section */
		847B36A620173E3500A3AA86 /* Project object */ = {
			isa = PBXProject;
			attributes = {
				LastUpgradeCheck = 0920;
				ORGANIZATIONNAME = NSLog_Zeng;
				TargetAttributes = {
					847B36AD20173E3600A3AA86 = {
						CreatedOnToolsVersion = 9.2;
						ProvisioningStyle = Automatic;
					};
				};
			};
			buildConfigurationList = 847B36A920173E3500A3AA86 /* Build configuration list for PBXProject "ButtonIgnore" */;
			compatibilityVersion = "Xcode 8.0";
			developmentRegion = en;
			hasScannedForEncodings = 0;
			knownRegions = (
				en,
				Base,
			);
			mainGroup = 847B36A520173E3500A3AA86;
			productRefGroup = 847B36AF20173E3600A3AA86 /* Products */;
			projectDirPath = "";
			projectRoot = "";
			targets = (
				847B36AD20173E3600A3AA86 /* ButtonIgnore */,
			);
		};
/* End PBXProject section */

/* Begin PBXResourcesBuildPhase section */
		847B36AC20173E3600A3AA86 /* Resources */ = {
			isa = PBXResourcesBuildPhase;
			buildActionMask = 2147483647;
			files = (
				847B36BE20173E3600A3AA86 /* LaunchScreen.storyboard in Resources */,
				847B36BB20173E3600A3AA86 /* Assets.xcassets in Resources */,
				847B36B920173E3600A3AA86 /* Main.storyboard in Resources */,
			);
			runOnlyForDeploymentPostprocessing = 0;
		};
/* End PBXResourcesBuildPhase section */

/* Begin PBXSourcesBuildPhase section */
		847B36AA20173E3600A3AA86 /* Sources */ = {
			isa = PBXSourcesBuildPhase;
			buildActionMask = 2147483647;
			files = (
				847B36B620173E3600A3AA86 /* ViewController.m in Sources */,
				847B36C120173E3700A3AA86 /* main.m in Sources */,
				847B36B320173E3600A3AA86 /* AppDelegate.m in Sources */,
				847B36C920173F7D00A3AA86 /* UIButton+Touch.m in Sources */,
			);
			runOnlyForDeploymentPostprocessing = 0;
		};
/* End PBXSourcesBuildPhase section */

/* Begin PBXVariantGroup section */
		847B36B720173E3600A3AA86 /* Main.storyboard */ = {
			isa = PBXVariantGroup;
			children = (
				847B36B820173E3600A3AA86 /* Base */,
			);
			name = Main.storyboard;
			sourceTree = "<group>";
		};
		847B36BC20173E3600A3AA86 /* LaunchScreen.storyboard */ = {
			isa = PBXVariantGroup;
			children = (
				847B36BD20173E3600A3AA86 /* Base */,
			);
			name = LaunchScreen.storyboard;
			sourceTree = "<group>";
		};
/* End PBXVariantGroup section */

/* Begin XCBuildConfiguration section */
		847B36C220173E3700A3AA86 /* Debug */ = {
			isa = XCBuildConfiguration;
			buildSettings = {
				ALWAYS_SEARCH_USER_PATHS = NO;
				CLANG_ANALYZER_NONNULL = YES;
				CLANG_ANALYZER_NUMBER_OBJECT_CONVERSION = YES_AGGRESSIVE;
				CLANG_CXX_LANGUAGE_STANDARD = "gnu++14";
				CLANG_CXX_LIBRARY = "libc++";
				CLANG_ENABLE_MODULES = YES;
				CLANG_ENABLE_OBJC_ARC = YES;
				CLANG_WARN_BLOCK_CAPTURE_AUTORELEASING = YES;
				CLANG_WARN_BOOL_CONVERSION = YES;
				CLANG_WARN_COMMA = YES;
				CLANG_WARN_CONSTANT_CONVERSION = YES;
				CLANG_WARN_DIRECT_OBJC_ISA_USAGE = YES_ERROR;
				CLANG_WARN_DOCUMENTATION_COMMENTS = YES;
				CLANG_WARN_EMPTY_BODY = YES;
				CLANG_WARN_ENUM_CONVERSION = YES;
				CLANG_WARN_INFINITE_RECURSION = YES;
				CLANG_WARN_INT_CONVERSION = YES;
				CLANG_WARN_NON_LITERAL_NULL_CONVERSION = YES;
				CLANG_WARN_OBJC_LITERAL_CONVERSION = YES;
				CLANG_WARN_OBJC_ROOT_CLASS = YES_ERROR;
				CLANG_WARN_RANGE_LOOP_ANALYSIS = YES;
				CLANG_WARN_STRICT_PROTOTYPES = YES;
				CLANG_WARN_SUSPICIOUS_MOVE = YES;
				CLANG_WARN_UNGUARDED_AVAILABILITY = YES_AGGRESSIVE;
				CLANG_WARN_UNREACHABLE_CODE = YES;
				CLANG_WARN__DUPLICATE_METHOD_MATCH = YES;
				CODE_SIGN_IDENTITY = "iPhone Developer";
				COPY_PHASE_STRIP = NO;
				DEBUG_INFORMATION_FORMAT = dwarf;
				ENABLE_STRICT_OBJC_MSGSEND = YES;
				ENABLE_TESTABILITY = YES;
				GCC_C_LANGUAGE_STANDARD = gnu11;
				GCC_DYNAMIC_NO_PIC = NO;
				GCC_NO_COMMON_BLOCKS = YES;
				GCC_OPTIMIZATION_LEVEL = 0;
				GCC_PREPROCESSOR_DEFINITIONS = (
					"DEBUG=1",
					"$(inherited)",
				);
				GCC_WARN_64_TO_32_BIT_CONVERSION = YES;
				GCC_WARN_ABOUT_RETURN_TYPE = YES_ERROR;
				GCC_WARN_UNDECLARED_SELECTOR = YES;
				GCC_WARN_UNINITIALIZED_AUTOS = YES_AGGRESSIVE;
				GCC_WARN_UNUSED_FUNCTION = YES;
				GCC_WARN_UNUSED_VARIABLE = YES;
				IPHONEOS_DEPLOYMENT_TARGET = 11.2;
				MTL_ENABLE_DEBUG_INFO = YES;
				ONLY_ACTIVE_ARCH = YES;
				SDKROOT = iphoneos;
			};
			name = Debug;
		};
		847B36C320173E3700A3AA86 /* Release */ = {
			isa = XCBuildConfiguration;
			buildSettings = {
				ALWAYS_SEARCH_USER_PATHS = NO;
				CLANG_ANALYZER_NONNULL = YES;
				CLANG_ANALYZER_NUMBER_OBJECT_CONVERSION = YES_AGGRESSIVE;
				CLANG_CXX_LANGUAGE_STANDARD = "gnu++14";
				CLANG_CXX_LIBRARY = "libc++";
				CLANG_ENABLE_MODULES = YES;
				CLANG_ENABLE_OBJC_ARC = YES;
				CLANG_WARN_BLOCK_CAPTURE_AUTORELEASING = YES;
				CLANG_WARN_BOOL_CONVERSION = YES;
				CLANG_WARN_COMMA = YES;
				CLANG_WARN_CONSTANT_CONVERSION = YES;
				CLANG_WARN_DIRECT_OBJC_ISA_USAGE = YES_ERROR;
				CLANG_WARN_DOCUMENTATION_COMMENTS = YES;
				CLANG_WARN_EMPTY_BODY = YES;
				CLANG_WARN_ENUM_CONVERSION = YES;
				CLANG_WARN_INFINITE_RECURSION = YES;
				CLANG_WARN_INT_CONVERSION = YES;
				CLANG_WARN_NON_LITERAL_NULL_CONVERSION = YES;
				CLANG_WARN_OBJC_LITERAL_CONVERSION = YES;
				CLANG_WARN_OBJC_ROOT_CLASS = YES_ERROR;
				CLANG_WARN_RANGE_LOOP_ANALYSIS = YES;
				CLANG_WARN_STRICT_PROTOTYPES = YES;
				CLANG_WARN_SUSPICIOUS_MOVE = YES;
				CLANG_WARN_UNGUARDED_AVAILABILITY = YES_AGGRESSIVE;
				CLANG_WARN_UNREACHABLE_CODE = YES;
				CLANG_WARN__DUPLICATE_METHOD_MATCH = YES;
				CODE_SIGN_IDENTITY = "iPhone Developer";
				COPY_PHASE_STRIP = NO;
				DEBUG_INFORMATION_FORMAT = "dwarf-with-dsym";
				ENABLE_NS_ASSERTIONS = NO;
				ENABLE_STRICT_OBJC_MSGSEND = YES;
				GCC_C_LANGUAGE_STANDARD = gnu11;
				GCC_NO_COMMON_BLOCKS = YES;
				GCC_WARN_64_TO_32_BIT_CONVERSION = YES;
				GCC_WARN_ABOUT_RETURN_TYPE = YES_ERROR;
				GCC_WARN_UNDECLARED_SELECTOR = YES;
				GCC_WARN_UNINITIALIZED_AUTOS = YES_AGGRESSIVE;
				GCC_WARN_UNUSED_FUNCTION = YES;
				GCC_WARN_UNUSED_VARIABLE = YES;
				IPHONEOS_DEPLOYMENT_TARGET = 11.2;
				MTL_ENABLE_DEBUG_INFO = NO;
				SDKROOT = iphoneos;
				VALIDATE_PRODUCT = YES;
			};
			name = Release;
		};
		847B36C520173E3700A3AA86 /* Debug */ = {
			isa = XCBuildConfiguration;
			buildSettings = {
				ASSETCATALOG_COMPILER_APPICON_NAME = AppIcon;
				CODE_SIGN_STYLE = Automatic;
				DEVELOPMENT_TEAM = J85J66N242;
				INFOPLIST_FILE = ButtonIgnore/Info.plist;
				LD_RUNPATH_SEARCH_PATHS = "$(inherited) @executable_path/Frameworks";
				PRODUCT_BUNDLE_IDENTIFIER = com.vooda.ButtonIgnore;
				PRODUCT_NAME = "$(TARGET_NAME)";
				TARGETED_DEVICE_FAMILY = "1,2";
			};
			name = Debug;
		};
		847B36C620173E3700A3AA86 /* Release */ = {
			isa = XCBuildConfiguration;
			buildSettings = {
				ASSETCATALOG_COMPILER_APPICON_NAME = AppIcon;
				CODE_SIGN_STYLE = Automatic;
				DEVELOPMENT_TEAM = J85J66N242;
				INFOPLIST_FILE = ButtonIgnore/Info.plist;
				LD_RUNPATH_SEARCH_PATHS = "$(inherited) @executable_path/Frameworks";
				PRODUCT_BUNDLE_IDENTIFIER = com.vooda.ButtonIgnore;
				PRODUCT_NAME = "$(TARGET_NAME)";
				TARGETED_DEVICE_FAMILY = "1,2";
			};
			name = Release;
		};
/* End XCBuildConfiguration section */

/* Begin XCConfigurationList section */
		847B36A920173E3500A3AA86 /* Build configuration list for PBXProject "ButtonIgnore" */ = {
			isa = XCConfigurationList;
			buildConfigurations = (
				847B36C220173E3700A3AA86 /* Debug */,
				847B36C320173E3700A3AA86 /* Release */,
			);
			defaultConfigurationIsVisible = 0;
			defaultConfigurationName = Release;
		};
		847B36C420173E3700A3AA86 /* Build configuration list for PBXNativeTarget "ButtonIgnore" */ = {
			isa = XCConfigurationList;
			buildConfigurations = (
				847B36C520173E3700A3AA86 /* Debug */,
				847B36C620173E3700A3AA86 /* Release */,
			);
			defaultConfigurationIsVisible = 0;
			defaultConfigurationName = Release;
		};
/* End XCConfigurationList section */
	};
	rootObject = 847B36A620173E3500A3AA86 /* Project object */;
}
